{
  "requires": true,
  "lockfileVersion": 1,
  "dependencies": {
    "a-color-picker": {
      "version": "1.1.7",
      "resolved": "https://registry.npmjs.org/a-color-picker/-/a-color-picker-1.1.7.tgz",
      "integrity": "sha512-7YI2A7gd5oxiMqxX526QepzfZwSaKCNv0/KrfNvFg27e0GtZ95mdWvpzaMiWnk0MxrTbpMZzfVYanUsd9tVEtg==",
      "requires": {
        "is-plain-object": "^2.0.4"
      }
    },
    "is-plain-object": {
      "version": "2.0.4",
      "resolved": "https://registry.npmjs.org/is-plain-object/-/is-plain-object-2.0.4.tgz",
      "integrity": "sha512-h5PpgXkWitc38BBMYawTYMWJHFZJVnBquFE57xFpjB8pJFiF6gZ+bU+WyI/yqXiFR5mdLsgYNaPe8uao6Uv9Og==",
      "requires": {
        "isobject": "^3.0.1"
      }
    },
    "isobject": {
      "version": "3.0.1",
      "resolved": "https://registry.npmjs.org/isobject/-/isobject-3.0.1.tgz",
      "integrity": "sha1-TkMekrEalzFjaqH5yNHMvP2reN8="
    }
  }
}
